// !$*UTF8*$!
{
	archiveVersion = 1;
	classes = {
	};
	objectVersion = 46;
	objects = {

/* Begin PBXBuildFile section */
		F148C1DF1E9DB73C0026F1C8 /* AppDelegate.swift in Sources */ = {isa = PBXBuildFile; fileRef = F148C1DE1E9DB73C0026F1C8 /* AppDelegate.swift */; };
		F148C1E11E9DB73C0026F1C8 /* ViewController.swift in Sources */ = {isa = PBXBuildFile; fileRef = F148C1E01E9DB73C0026F1C8 /* ViewController.swift */; };
		F148C1E31E9DB73C0026F1C8 /* Assets.xcassets in Resources */ = {isa = PBXBuildFile; fileRef = F148C1E21E9DB73C0026F1C8 /* Assets.xcassets */; };
		F148C1E61E9DB73C0026F1C8 /* Main.storyboard in Resources */ = {isa = PBXBuildFile; fileRef = F148C1E41E9DB73C0026F1C8 /* Main.storyboard */; };
		F148C1F01E9DB7580026F1C8 /* MapKit.framework in Frameworks */ = {isa = PBXBuildFile; fileRef = F148C1EF1E9DB7580026F1C8 /* MapKit.framework */; };
		F148C1F21E9DB9600026F1C8 /* Utils.swift in Sources */ = {isa = PBXBuildFile; fileRef = F148C1F11E9DB9600026F1C8 /* Utils.swift */; };
/* End PBXBuildFile section */

/* Begin PBXFileReference section */
		F148C1DB1E9DB73C0026F1C8 /* TSI-MKOverlay-Callout.app */ = {isa = PBXFileReference; explicitFileType = wrapper.application; includeInIndex = 0; path = "TSI-MKOverlay-Callout.app"; sourceTree = BUILT_PRODUCTS_DIR; };
		F148C1DE1E9DB73C0026F1C8 /* AppDelegate.swift */ = {isa = PBXFileReference; lastKnownFileType = sourcecode.swift; path = AppDelegate.swift; sourceTree = "<group>"; };
		F148C1E01E9DB73C0026F1C8 /* ViewController.swift */ = {isa = PBXFileReference; lastKnownFileType = sourcecode.swift; path = ViewController.swift; sourceTree = "<group>"; };
		F148C1E21E9DB73C0026F1C8 /* Assets.xcassets */ = {isa = PBXFileReference; lastKnownFileType = folder.assetcatalog; path = Assets.xcassets; sourceTree = "<group>"; };
		F148C1E51E9DB73C0026F1C8 /* Base */ = {isa = PBXFileReference; lastKnownFileType = file.storyboard; name = Base; path = Base.lproj/Main.storyboard; sourceTree = "<group>"; };
		F148C1E71E9DB73C0026F1C8 /* Info.plist */ = {isa = PBXFileReference; lastKnownFileType = text.plist.xml; path = Info.plist; sourceTree = "<group>"; };
		F148C1ED1E9DB74F0026F1C8 /* TSI-MKOverlay-Callout.entitlements */ = {isa = PBXFileReference; lastKnownFileType = text.plist.entitlements; path = "TSI-MKOverlay-Callout.entitlements"; sourceTree = "<group>"; };
		F148C1EF1E9DB7580026F1C8 /* MapKit.framework */ = {isa = PBXFileReference; lastKnownFileType = wrapper.framework; name = MapKit.framework; path = System/Library/Frameworks/MapKit.framework; sourceTree = SDKROOT; };
		F148C1F11E9DB9600026F1C8 /* Utils.swift */ = {isa = PBXFileReference; fileEncoding = 4; lastKnownFileType = sourcecode.swift; path = Utils.swift; sourceTree = "<group>"; };
/* End PBXFileReference section */

/* Begin PBXFrameworksBuildPhase section */
		F148C1D81E9DB73C0026F1C8 /* Frameworks */ = {
			isa = PBXFrameworksBuildPhase;
			buildActionMask = 2147483647;
			files = (
				F148C1F01E9DB7580026F1C8 /* MapKit.framework in Frameworks */,
			);
			runOnlyForDeploymentPostprocessing = 0;
		};
/* End PBXFrameworksBuildPhase section */

/* Begin PBXGroup section */
		F148C1D21E9DB73B0026F1C8 = {
			isa = PBXGroup;
			children = (
				F148C1DD1E9DB73C0026F1C8 /* TSI-MKOverlay-Callout */,
				F148C1DC1E9DB73C0026F1C8 /* Products */,
				F148C1EE1E9DB7580026F1C8 /* Frameworks */,
			);
			sourceTree = "<group>";
		};
		F148C1DC1E9DB73C0026F1C8 /* Products */ = {
			isa = PBXGroup;
			children = (
				F148C1DB1E9DB73C0026F1C8 /* TSI-MKOverlay-Callout.app */,
			);
			name = Products;
			sourceTree = "<group>";
		};
		F148C1DD1E9DB73C0026F1C8 /* TSI-MKOverlay-Callout */ = {
			isa = PBXGroup;
			children = (
				F148C1ED1E9DB74F0026F1C8 /* TSI-MKOverlay-Callout.entitlements */,
				F148C1DE1E9DB73C0026F1C8 /* AppDelegate.swift */,
				F148C1E01E9DB73C0026F1C8 /* ViewController.swift */,
				F148C1F11E9DB9600026F1C8 /* Utils.swift */,
				F148C1E21E9DB73C0026F1C8 /* Assets.xcassets */,
				F148C1E41E9DB73C0026F1C8 /* Main.storyboard */,
				F148C1E71E9DB73C0026F1C8 /* Info.plist */,
			);
			path = "TSI-MKOverlay-Callout";
			sourceTree = "<group>";
		};
		F148C1EE1E9DB7580026F1C8 /* Frameworks */ = {
			isa = PBXGroup;
			children = (
				F148C1EF1E9DB7580026F1C8 /* MapKit.framework */,
			);
			name = Frameworks;
			sourceTree = "<group>";
		};
/* End PBXGroup section */

/* Begin PBXNativeTarget section */
		F148C1DA1E9DB73C0026F1C8 /* TSI-MKOverlay-Callout */ = {
			isa = PBXNativeTarget;
			buildConfigurationList = F148C1EA1E9DB73C0026F1C8 /* Build configuration list for PBXNativeTarget "TSI-MKOverlay-Callout" */;
			buildPhases = (
				F148C1D71E9DB73C0026F1C8 /* Sources */,
				F148C1D81E9DB73C0026F1C8 /* Frameworks */,
				F148C1D91E9DB73C0026F1C8 /* Resources */,
			);
			buildRules = (
			);
			dependencies = (
			);
			name = "TSI-MKOverlay-Callout";
			productName = "TSI-MKOverlay-Callout";
			productReference = F148C1DB1E9DB73C0026F1C8 /* TSI-MKOverlay-Callout.app */;
			productType = "com.apple.product-type.application";
		};
/* End PBXNativeTarget section */

/* Begin PBXProject section */
		F148C1D31E9DB73B0026F1C8 /* Project object */ = {
			isa = PBXProject;
			attributes = {
				LastSwiftUpdateCheck = 0830;
				LastUpgradeCheck = 0830;
				ORGANIZATIONNAME = Diego;
				TargetAttributes = {
					F148C1DA1E9DB73C0026F1C8 = {
						CreatedOnToolsVersion = 8.3.1;
						DevelopmentTeam = M3CKT64G8T;
						ProvisioningStyle = Automatic;
						SystemCapabilities = {
							com.apple.Maps.Mac = {
								enabled = 1;
							};
							com.apple.Sandbox = {
								enabled = 1;
							};
						};
					};
				};
			};
			buildConfigurationList = F148C1D61E9DB73B0026F1C8 /* Build configuration list for PBXProject "TSI-MKOverlay-Callout" */;
			compatibilityVersion = "Xcode 3.2";
			developmentRegion = English;
			hasScannedForEncodings = 0;
			knownRegions = (
				en,
				Base,
			);
			mainGroup = F148C1D21E9DB73B0026F1C8;
			productRefGroup = F148C1DC1E9DB73C0026F1C8 /* Products */;
			projectDirPath = "";
			projectRoot = "";
			targets = (
				F148C1DA1E9DB73C0026F1C8 /* TSI-MKOverlay-Callout */,
			);
		};
/* End PBXProject section */

/* Begin PBXResourcesBuildPhase section */
		F148C1D91E9DB73C0026F1C8 /* Resources */ = {
			isa = PBXResourcesBuildPhase;
			buildActionMask = 2147483647;
			files = (
				F148C1E31E9DB73C0026F1C8 /* Assets.xcassets in Resources */,
				F148C1E61E9DB73C0026F1C8 /* Main.storyboard in Resources */,
			);
			runOnlyForDeploymentPostprocessing = 0;
		};
/* End PBXResourcesBuildPhase section */

/* Begin PBXSourcesBuildPhase section */
		F148C1D71E9DB73C0026F1C8 /* Sources */ = {
			isa = PBXSourcesBuildPhase;
			buildActionMask = 2147483647;
			files = (
				F148C1E11E9DB73C0026F1C8 /* ViewController.swift in Sources */,
				F148C1DF1E9DB73C0026F1C8 /* AppDelegate.swift in Sources */,
				F148C1F21E9DB9600026F1C8 /* Utils.swift in Sources */,
			);
			runOnlyForDeploymentPostprocessing = 0;
		};
/* End PBXSourcesBuildPhase section */

/* Begin PBXVariantGroup section */
		F148C1E41E9DB73C0026F1C8 /* Main.storyboard */ = {
			isa = PBXVariantGroup;
			children = (
				F148C1E51E9DB73C0026F1C8 /* Base */,
			);
			name = Main.storyboard;
			sourceTree = "<group>";
		};
/* End PBXVariantGroup section */

/* Begin XCBuildConfiguration section */
		F148C1E81E9DB73C0026F1C8 /* Debug */ = {
			isa = XCBuildConfiguration;
			buildSettings = {
				ALWAYS_SEARCH_USER_PATHS = NO;
				CLANG_ANALYZER_NONNULL = YES;
				CLANG_ANALYZER_NUMBER_OBJECT_CONVERSION = YES_AGGRESSIVE;
				CLANG_CXX_LANGUAGE_STANDARD = "gnu++0x";
				CLANG_CXX_LIBRARY = "libc++";
				CLANG_ENABLE_MODULES = YES;
				CLANG_ENABLE_OBJC_ARC = YES;
				CLANG_WARN_BOOL_CONVERSION = YES;
				CLANG_WARN_CONSTANT_CONVERSION = YES;
				CLANG_WARN_DIRECT_OBJC_ISA_USAGE = YES_ERROR;
				CLANG_WARN_DOCUMENTATION_COMMENTS = YES;
				CLANG_WARN_EMPTY_BODY = YES;
				CLANG_WARN_ENUM_CONVERSION = YES;
				CLANG_WARN_INFINITE_RECURSION = YES;
				CLANG_WARN_INT_CONVERSION = YES;
				CLANG_WARN_OBJC_ROOT_CLASS = YES_ERROR;
				CLANG_WARN_SUSPICIOUS_MOVE = YES;
				CLANG_WARN_UNREACHABLE_CODE = YES;
				CLANG_WARN__DUPLICATE_METHOD_MATCH = YES;
				CODE_SIGN_IDENTITY = "-";
				COPY_PHASE_STRIP = NO;
				DEBUG_INFORMATION_FORMAT = dwarf;
				ENABLE_STRICT_OBJC_MSGSEND = YES;
				ENABLE_TESTABILITY = YES;
				GCC_C_LANGUAGE_STANDARD = gnu99;
				GCC_DYNAMIC_NO_PIC = NO;
				GCC_NO_COMMON_BLOCKS = YES;
				GCC_OPTIMIZATION_LEVEL = 0;
				GCC_PREPROCESSOR_DEFINITIONS = (
					"DEBUG=1",
					"$(inherited)",
				);
				GCC_WARN_64_TO_32_BIT_CONVERSION = YES;
				GCC_WARN_ABOUT_RETURN_TYPE = YES_ERROR;
				GCC_WARN_UNDECLARED_SELECTOR = YES;
				GCC_WARN_UNINITIALIZED_AUTOS = YES_AGGRESSIVE;
				GCC_WARN_UNUSED_FUNCTION = YES;
				GCC_WARN_UNUSED_VARIABLE = YES;
				MACOSX_DEPLOYMENT_TARGET = 10.12;
				MTL_ENABLE_DEBUG_INFO = YES;
				ONLY_ACTIVE_ARCH = YES;
				SDKROOT = macosx;
				SWIFT_ACTIVE_COMPILATION_CONDITIONS = DEBUG;
				SWIFT_OPTIMIZATION_LEVEL = "-Onone";
			};
			name = Debug;
		};
		F148C1E91E9DB73C0026F1C8 /* Release */ = {
			isa = XCBuildConfiguration;
			buildSettings = {
				ALWAYS_SEARCH_USER_PATHS = NO;
				CLANG_ANALYZER_NONNULL = YES;
				CLANG_ANALYZER_NUMBER_OBJECT_CONVERSION = YES_AGGRESSIVE;
				CLANG_CXX_LANGUAGE_STANDARD = "gnu++0x";
				CLANG_CXX_LIBRARY = "libc++";
				CLANG_ENABLE_MODULES = YES;
				CLANG_ENABLE_OBJC_ARC = YES;
				CLANG_WARN_BOOL_CONVERSION = YES;
				CLANG_WARN_CONSTANT_CONVERSION = YES;
				CLANG_WARN_DIRECT_OBJC_ISA_USAGE = YES_ERROR;
				CLANG_WARN_DOCUMENTATION_COMMENTS = YES;
				CLANG_WARN_EMPTY_BODY = YES;
				CLANG_WARN_ENUM_CONVERSION = YES;
				CLANG_WARN_INFINITE_RECURSION = YES;
				CLANG_WARN_INT_CONVERSION = YES;
				CLANG_WARN_OBJC_ROOT_CLASS = YES_ERROR;
				CLANG_WARN_SUSPICIOUS_MOVE = YES;
				CLANG_WARN_UNREACHABLE_CODE = YES;
				CLANG_WARN__DUPLICATE_METHOD_MATCH = YES;
				CODE_SIGN_IDENTITY = "-";
				COPY_PHASE_STRIP = NO;
				DEBUG_INFORMATION_FORMAT = "dwarf-with-dsym";
				ENABLE_NS_ASSERTIONS = NO;
				ENABLE_STRICT_OBJC_MSGSEND = YES;
				GCC_C_LANGUAGE_STANDARD = gnu99;
				GCC_NO_COMMON_BLOCKS = YES;
				GCC_WARN_64_TO_32_BIT_CONVERSION = YES;
				GCC_WARN_ABOUT_RETURN_TYPE = YES_ERROR;
				GCC_WARN_UNDECLARED_SELECTOR = YES;
				GCC_WARN_UNINITIALIZED_AUTOS = YES_AGGRESSIVE;
				GCC_WARN_UNUSED_FUNCTION = YES;
				GCC_WARN_UNUSED_VARIABLE = YES;
				MACOSX_DEPLOYMENT_TARGET = 10.12;
				MTL_ENABLE_DEBUG_INFO = NO;
				SDKROOT = macosx;
				SWIFT_OPTIMIZATION_LEVEL = "-Owholemodule";
			};
			name = Release;
		};
		F148C1EB1E9DB73C0026F1C8 /* Debug */ = {
			isa = XCBuildConfiguration;
			buildSettings = {
				ASSETCATALOG_COMPILER_APPICON_NAME = AppIcon;
				CODE_SIGN_ENTITLEMENTS = "TSI-MKOverlay-Callout/TSI-MKOverlay-Callout.entitlements";
				CODE_SIGN_IDENTITY = "Mac Developer";
				COMBINE_HIDPI_IMAGES = YES;
				DEVELOPMENT_TEAM = M3CKT64G8T;
				INFOPLIST_FILE = "TSI-MKOverlay-Callout/Info.plist";
				LD_RUNPATH_SEARCH_PATHS = "$(inherited) @executable_path/../Frameworks";
				PRODUCT_BUNDLE_IDENTIFIER = "systems.vulcan.TSI-MKOverlay-Callout";
				PRODUCT_NAME = "$(TARGET_NAME)";
				PROVISIONING_PROFILE_SPECIFIER = "";
				SWIFT_VERSION = 3.0;
			};
			name = Debug;
		};
		F148C1EC1E9DB73C0026F1C8 /* Release */ = {
			isa = XCBuildConfiguration;
			buildSettings = {
				ASSETCATALOG_COMPILER_APPICON_NAME = AppIcon;
				CODE_SIGN_ENTITLEMENTS = "TSI-MKOverlay-Callout/TSI-MKOverlay-Callout.entitlements";
				CODE_SIGN_IDENTITY = "Mac Developer";
				COMBINE_HIDPI_IMAGES = YES;
				DEVELOPMENT_TEAM = M3CKT64G8T;
				INFOPLIST_FILE = "TSI-MKOverlay-Callout/Info.plist";
				LD_RUNPATH_SEARCH_PATHS = "$(inherited) @executable_path/../Frameworks";
				PRODUCT_BUNDLE_IDENTIFIER = "systems.vulcan.TSI-MKOverlay-Callout";
				PRODUCT_NAME = "$(TARGET_NAME)";
				PROVISIONING_PROFILE_SPECIFIER = "";
				SWIFT_VERSION = 3.0;
			};
			name = Release;
		};
/* End XCBuildConfiguration section */

/* Begin XCConfigurationList section */
		F148C1D61E9DB73B0026F1C8 /* Build configuration list for PBXProject "TSI-MKOverlay-Callout" */ = {
			isa = XCConfigurationList;
			buildConfigurations = (
				F148C1E81E9DB73C0026F1C8 /* Debug */,
				F148C1E91E9DB73C0026F1C8 /* Release */,
			);
			defaultConfigurationIsVisible = 0;
			defaultConfigurationName = Release;
		};
		F148C1EA1E9DB73C0026F1C8 /* Build configuration list for PBXNativeTarget "TSI-MKOverlay-Callout" */ = {
			isa = XCConfigurationList;
			buildConfigurations = (
				F148C1EB1E9DB73C0026F1C8 /* Debug */,
				F148C1EC1E9DB73C0026F1C8 /* Release */,
			);
			defaultConfigurationIsVisible = 0;
		};
/* End XCConfigurationList section */
	};
	rootObject = F148C1D31E9DB73B0026F1C8 /* Project object */;
}
